
Microsoft Visual Studio Solution File, Format Version 12.00
# Visual Studio Version 17
VisualStudioVersion = 17.8.34525.116
MinimumVisualStudioVersion = 10.0.40219.1
Project("{FAE04EC0-301F-11D3-BF4B-00C04F79EFBC}") = "Kodlamaio", "Kodlamaio\Kodlamaio.csproj", "{1AD6F2CD-8848-4377-9F3C-83D041A80E4B}"
EndProject
Global
	GlobalSection(SolutionConfigurationPlatforms) = preSolution
		Debug|Any CPU = Debug|Any CPU
		Release|Any CPU = Release|Any CPU
	EndGlobalSection
	GlobalSection(ProjectConfigurationPlatforms) = postSolution
		{1AD6F2CD-8848-4377-9F3C-83D041A80E4B}.Debug|Any CPU.ActiveCfg = Debug|Any CPU
		{1AD6F2CD-8848-4377-9F3C-83D041A80E4B}.Debug|Any CPU.Build.0 = Debug|Any CPU
		{1AD6F2CD-8848-4377-9F3C-83D041A80E4B}.Release|Any CPU.ActiveCfg = Release|Any CPU
		{1AD6F2CD-8848-4377-9F3C-83D041A80E4B}.Release|Any CPU.Build.0 = Release|Any CPU
	EndGlobalSection
	GlobalSection(SolutionProperties) = preSolution
		HideSolutionNode = FALSE
	EndGlobalSection
	GlobalSection(ExtensibilityGlobals) = postSolution
		SolutionGuid = {8179CE3F-BB2F-4D53-9537-F9F90BAF0107}
	EndGlobalSection
EndGlobal
